
Microsoft Visual Studio Solution File, Format Version 11.00
# Visual Studio 2010
Project("{FAE04EC0-301F-11D3-BF4B-00C04F79EFBC}") = "AsliMotor", "AsliMotor\AsliMotor.csproj", "{F8DF2D5B-7D6B-4DEB-A3CF-96B078DE8D71}"
EndProject
Project("{FAE04EC0-301F-11D3-BF4B-00C04F79EFBC}") = "AsliMotor.Security", "AsliMotor.Security\AsliMotor.Security.csproj", "{3BAA56DC-9289-4B77-A727-5FC551095F1B}"
EndProject
Project("{FAE04EC0-301F-11D3-BF4B-00C04F79EFBC}") = "AsliMotor.Model", "AsliMotor.Model\AsliMotor.Model.csproj", "{2D694659-93ED-427C-AA70-4392CB29232E}"
EndProject
Project("{FAE04EC0-301F-11D3-BF4B-00C04F79EFBC}") = "AsliMotor.Fixture", "AsliMotor.SecurityFixture\AsliMotor.Fixture.csproj", "{11D91412-9602-4069-8D66-1640D7DA538A}"
EndProject
Project("{2150E333-8FDC-42A3-9474-1A3956D46DE8}") = "SI", "SI", "{705430C7-90BA-4E72-9E21-9E1E81DD862C}"
EndProject
Project("{FAE04EC0-301F-11D3-BF4B-00C04F79EFBC}") = "AsliMotor.SI.Fixture", "SI\AsliMotor.SI.Fixture\AsliMotor.SI.Fixture.csproj", "{E5C57FCC-7362-41CC-B57C-63F8FB51B16B}"
EndProject
Project("{FAE04EC0-301F-11D3-BF4B-00C04F79EFBC}") = "AsliMotor.SI.AutoNumberGenerator", "SI\AsliMotor.SI.AutoNumberGenerator\AsliMotor.SI.AutoNumberGenerator.csproj", "{9FE58E93-1CC7-4E98-80D5-F96EA4944871}"
EndProject
Project("{FAE04EC0-301F-11D3-BF4B-00C04F79EFBC}") = "AsliMotor.SI.Services", "SI\AsliMotor.SI.Services\AsliMotor.SI.Services.csproj", "{E9E273CE-3850-42DB-BEC6-ECE410A55638}"
EndProject
Project("{FAE04EC0-301F-11D3-BF4B-00C04F79EFBC}") = "AsliMotor.SI.Repository", "SI\AsliMotor.SI.Repository\AsliMotor.SI.Repository.csproj", "{CEDAFE71-569A-4E19-A1AA-376BD88199FC}"
EndProject
Project("{FAE04EC0-301F-11D3-BF4B-00C04F79EFBC}") = "AsliMotor.Organizations", "AsliMotor.Organization\AsliMotor.Organizations.csproj", "{D86FA059-1DDB-40E6-BCFA-C1C54235A040}"
EndProject
Project("{FAE04EC0-301F-11D3-BF4B-00C04F79EFBC}") = "AsliMotor.PrintDocuments", "AsliMotor.PrintDocument\AsliMotor.PrintDocuments.csproj", "{8AB23D46-1714-4995-B483-5503B77685A5}"
EndProject
Project("{2150E333-8FDC-42A3-9474-1A3956D46DE8}") = "Product", "Product", "{C3355B1F-2B6A-4A28-AD96-3D1DA3251792}"
EndProject
Project("{FAE04EC0-301F-11D3-BF4B-00C04F79EFBC}") = "AsliMotor.Products", "Product\AsliMotor.Product\AsliMotor.Products.csproj", "{30FC3ABA-ADE1-42F3-AF27-618978F7A555}"
EndProject
Project("{FAE04EC0-301F-11D3-BF4B-00C04F79EFBC}") = "AsliMotor.Products.Events", "Product\AsliMotor.Product.Events\AsliMotor.Products.Events.csproj", "{F9DDB26F-697C-437E-BF84-51F9F00D7AAB}"
EndProject
Project("{FAE04EC0-301F-11D3-BF4B-00C04F79EFBC}") = "AsliMotor.Products.Models", "Product\AsliMotor.Product.Models\AsliMotor.Products.Models.csproj", "{C373B792-0B15-4784-9A18-0C59957BF260}"
EndProject
Project("{FAE04EC0-301F-11D3-BF4B-00C04F79EFBC}") = "AsliMotor.SI.Events", "SI\AsliMotor.SI.Events\AsliMotor.SI.Events.csproj", "{04033D26-5E5D-412C-9328-AFE8141188C6}"
EndProject
Project("{FAE04EC0-301F-11D3-BF4B-00C04F79EFBC}") = "AsliMotor.Customers", "AsliMotor.Customers\AsliMotor.Customers.csproj", "{16F8407F-6EB0-4161-8EDA-23BDB946E04A}"
EndProject
Project("{2150E333-8FDC-42A3-9474-1A3956D46DE8}") = "Invoice", "Invoice", "{B8225A7D-A303-4DC6-8834-2A5EE72A6252}"
EndProject
Project("{FAE04EC0-301F-11D3-BF4B-00C04F79EFBC}") = "AsliMotor.Invoices.Snapshots", "Invoice\AsliMotor.Invoice.Models\AsliMotor.Invoices.Snapshots.csproj", "{D3A51AE0-959D-4192-9A57-260AF1BEBC4E}"
EndProject
Project("{FAE04EC0-301F-11D3-BF4B-00C04F79EFBC}") = "AsliMotor.Invoices.Fixture", "Invoice\AsliMotor.Invoice.Fixture\AsliMotor.Invoices.Fixture.csproj", "{2CB4D193-0A77-41DF-92C8-1720B423B822}"
EndProject
Project("{FAE04EC0-301F-11D3-BF4B-00C04F79EFBC}") = "AsliMotor.Invoices.Command", "Invoice\AsliMotor.Invoice.Command\AsliMotor.Invoices.Command.csproj", "{06ADC49F-5972-4388-9146-0EC3F0F6D499}"
EndProject
Project("{FAE04EC0-301F-11D3-BF4B-00C04F79EFBC}") = "AsliMotor.Invoices.Domain", "Invoice\AsliMotor.Invoice.Domain\AsliMotor.Invoices.Domain.csproj", "{0FE06027-1D6A-402B-B23B-7AA32A509F3C}"
EndProject
Project("{FAE04EC0-301F-11D3-BF4B-00C04F79EFBC}") = "AsliMotor.Invoices.Services", "Invoice\AsliMotor.Invoice.Services\AsliMotor.Invoices.Services.csproj", "{D3F294F9-A4E6-46BC-A826-DB8424B73B5F}"
EndProject
Project("{FAE04EC0-301F-11D3-BF4B-00C04F79EFBC}") = "AsliMotor.Invoices.Repository", "Invoice\AsliMotor.Invoices.Repository\AsliMotor.Invoices.Repository.csproj", "{5072D364-CE20-4C9F-8DFF-10DE6471C11E}"
EndProject
Project("{2150E333-8FDC-42A3-9474-1A3956D46DE8}") = "Receive", "Receive", "{96046949-FAE3-4338-995A-8F523EB4AD9C}"
EndProject
Project("{FAE04EC0-301F-11D3-BF4B-00C04F79EFBC}") = "AsliMotor.Receives.AutoNumberGenerator", "Receive\AsliMotor.Receive.AutoNumberGenerator\AsliMotor.Receives.AutoNumberGenerator.csproj", "{4F0A2D4E-2D73-4B0A-A8A3-3BA729EA5885}"
EndProject
Project("{FAE04EC0-301F-11D3-BF4B-00C04F79EFBC}") = "AsliMotor.Receives.Fixture", "Receive\AsliMotor.Receives.Fixture\AsliMotor.Receives.Fixture.csproj", "{6E503AEA-0CE2-452B-87FE-496335968D0F}"
EndProject
Project("{FAE04EC0-301F-11D3-BF4B-00C04F79EFBC}") = "AsliMotor.Receives.Models", "Receive\AsliMotor.Receives.Models\AsliMotor.Receives.Models.csproj", "{FF305145-FD73-4A71-967A-B8B6FF52125A}"
EndProject
Project("{FAE04EC0-301F-11D3-BF4B-00C04F79EFBC}") = "AsliMotor.Receives.Services", "Receive\AsliMotor.Receives.Services\AsliMotor.Receives.Services.csproj", "{1A9017C2-C6A6-48AC-AF0A-59DB5DAFD61E}"
EndProject
Project("{FAE04EC0-301F-11D3-BF4B-00C04F79EFBC}") = "AsliMotor.Receives.Commands", "Receive\AsliMotor.Receives.Commands\AsliMotor.Receives.Commands.csproj", "{B3DB55B0-5466-4EAA-861A-08583B1E8A04}"
EndProject
Project("{FAE04EC0-301F-11D3-BF4B-00C04F79EFBC}") = "AsliMotor.Receives.Repository", "Receive\AsliMotor.Receives.Repository\AsliMotor.Receives.Repository.csproj", "{65E17230-8EFA-453D-A980-D1D6F4096839}"
EndProject
Project("{FAE04EC0-301F-11D3-BF4B-00C04F79EFBC}") = "AsliMotor.Invoices.ReportRepository", "Invoice\AsliMotor.Invoices.ReportRepository\AsliMotor.Invoices.ReportRepository.csproj", "{0059972F-360C-463C-94D3-CDBD61A37DBC}"
EndProject
Project("{2150E333-8FDC-42A3-9474-1A3956D46DE8}") = "SuratPerjanjian", "SuratPerjanjian", "{32B4906F-E9EC-45D6-828F-6FA3C046893D}"
EndProject
Project("{FAE04EC0-301F-11D3-BF4B-00C04F79EFBC}") = "AsliMotor.Perjanjian.AutoNumberGenerator", "SuratPerjanjian\AsliMotor.Perjanjian.AutoNumberGenerator\AsliMotor.Perjanjian.AutoNumberGenerator.csproj", "{DD117B45-95F8-4C50-A1C5-8CBE3BDEF689}"
EndProject
Project("{FAE04EC0-301F-11D3-BF4B-00C04F79EFBC}") = "AsliMotor.Perjanjian.Services", "SuratPerjanjian\AsliMotor.Perjanjian.Services\AsliMotor.Perjanjian.Services.csproj", "{0F34CCD5-7CEC-4FA2-AB3E-CEE4D7C17942}"
EndProject
Project("{FAE04EC0-301F-11D3-BF4B-00C04F79EFBC}") = "AsliMotor.Perjanjian.Models", "SuratPerjanjian\AsliMotor.Perjanjian.Models\AsliMotor.Perjanjian.Models.csproj", "{63DA896D-9D4B-4B9F-88B3-9415BDD23249}"
EndProject
Global
	GlobalSection(SolutionConfigurationPlatforms) = preSolution
		Debug|Any CPU = Debug|Any CPU
		Release|Any CPU = Release|Any CPU
	EndGlobalSection
	GlobalSection(ProjectConfigurationPlatforms) = postSolution
		{F8DF2D5B-7D6B-4DEB-A3CF-96B078DE8D71}.Debug|Any CPU.ActiveCfg = Debug|Any CPU
		{F8DF2D5B-7D6B-4DEB-A3CF-96B078DE8D71}.Debug|Any CPU.Build.0 = Debug|Any CPU
		{F8DF2D5B-7D6B-4DEB-A3CF-96B078DE8D71}.Release|Any CPU.ActiveCfg = Release|Any CPU
		{F8DF2D5B-7D6B-4DEB-A3CF-96B078DE8D71}.Release|Any CPU.Build.0 = Release|Any CPU
		{3BAA56DC-9289-4B77-A727-5FC551095F1B}.Debug|Any CPU.ActiveCfg = Debug|Any CPU
		{3BAA56DC-9289-4B77-A727-5FC551095F1B}.Debug|Any CPU.Build.0 = Debug|Any CPU
		{3BAA56DC-9289-4B77-A727-5FC551095F1B}.Release|Any CPU.ActiveCfg = Release|Any CPU
		{3BAA56DC-9289-4B77-A727-5FC551095F1B}.Release|Any CPU.Build.0 = Release|Any CPU
		{2D694659-93ED-427C-AA70-4392CB29232E}.Debug|Any CPU.ActiveCfg = Debug|Any CPU
		{2D694659-93ED-427C-AA70-4392CB29232E}.Debug|Any CPU.Build.0 = Debug|Any CPU
		{2D694659-93ED-427C-AA70-4392CB29232E}.Release|Any CPU.ActiveCfg = Release|Any CPU
		{2D694659-93ED-427C-AA70-4392CB29232E}.Release|Any CPU.Build.0 = Release|Any CPU
		{11D91412-9602-4069-8D66-1640D7DA538A}.Debug|Any CPU.ActiveCfg = Debug|Any CPU
		{11D91412-9602-4069-8D66-1640D7DA538A}.Debug|Any CPU.Build.0 = Debug|Any CPU
		{11D91412-9602-4069-8D66-1640D7DA538A}.Release|Any CPU.ActiveCfg = Release|Any CPU
		{11D91412-9602-4069-8D66-1640D7DA538A}.Release|Any CPU.Build.0 = Release|Any CPU
		{E5C57FCC-7362-41CC-B57C-63F8FB51B16B}.Debug|Any CPU.ActiveCfg = Debug|Any CPU
		{E5C57FCC-7362-41CC-B57C-63F8FB51B16B}.Debug|Any CPU.Build.0 = Debug|Any CPU
		{E5C57FCC-7362-41CC-B57C-63F8FB51B16B}.Release|Any CPU.ActiveCfg = Release|Any CPU
		{E5C57FCC-7362-41CC-B57C-63F8FB51B16B}.Release|Any CPU.Build.0 = Release|Any CPU
		{9FE58E93-1CC7-4E98-80D5-F96EA4944871}.Debug|Any CPU.ActiveCfg = Debug|Any CPU
		{9FE58E93-1CC7-4E98-80D5-F96EA4944871}.Debug|Any CPU.Build.0 = Debug|Any CPU
		{9FE58E93-1CC7-4E98-80D5-F96EA4944871}.Release|Any CPU.ActiveCfg = Release|Any CPU
		{9FE58E93-1CC7-4E98-80D5-F96EA4944871}.Release|Any CPU.Build.0 = Release|Any CPU
		{E9E273CE-3850-42DB-BEC6-ECE410A55638}.Debug|Any CPU.ActiveCfg = Debug|Any CPU
		{E9E273CE-3850-42DB-BEC6-ECE410A55638}.Debug|Any CPU.Build.0 = Debug|Any CPU
		{E9E273CE-3850-42DB-BEC6-ECE410A55638}.Release|Any CPU.ActiveCfg = Release|Any CPU
		{E9E273CE-3850-42DB-BEC6-ECE410A55638}.Release|Any CPU.Build.0 = Release|Any CPU
		{CEDAFE71-569A-4E19-A1AA-376BD88199FC}.Debug|Any CPU.ActiveCfg = Debug|Any CPU
		{CEDAFE71-569A-4E19-A1AA-376BD88199FC}.Debug|Any CPU.Build.0 = Debug|Any CPU
		{CEDAFE71-569A-4E19-A1AA-376BD88199FC}.Release|Any CPU.ActiveCfg = Release|Any CPU
		{CEDAFE71-569A-4E19-A1AA-376BD88199FC}.Release|Any CPU.Build.0 = Release|Any CPU
		{D86FA059-1DDB-40E6-BCFA-C1C54235A040}.Debug|Any CPU.ActiveCfg = Debug|Any CPU
		{D86FA059-1DDB-40E6-BCFA-C1C54235A040}.Debug|Any CPU.Build.0 = Debug|Any CPU
		{D86FA059-1DDB-40E6-BCFA-C1C54235A040}.Release|Any CPU.ActiveCfg = Release|Any CPU
		{D86FA059-1DDB-40E6-BCFA-C1C54235A040}.Release|Any CPU.Build.0 = Release|Any CPU
		{8AB23D46-1714-4995-B483-5503B77685A5}.Debug|Any CPU.ActiveCfg = Debug|Any CPU
		{8AB23D46-1714-4995-B483-5503B77685A5}.Debug|Any CPU.Build.0 = Debug|Any CPU
		{8AB23D46-1714-4995-B483-5503B77685A5}.Release|Any CPU.ActiveCfg = Release|Any CPU
		{8AB23D46-1714-4995-B483-5503B77685A5}.Release|Any CPU.Build.0 = Release|Any CPU
		{30FC3ABA-ADE1-42F3-AF27-618978F7A555}.Debug|Any CPU.ActiveCfg = Debug|Any CPU
		{30FC3ABA-ADE1-42F3-AF27-618978F7A555}.Debug|Any CPU.Build.0 = Debug|Any CPU
		{30FC3ABA-ADE1-42F3-AF27-618978F7A555}.Release|Any CPU.ActiveCfg = Release|Any CPU
		{30FC3ABA-ADE1-42F3-AF27-618978F7A555}.Release|Any CPU.Build.0 = Release|Any CPU
		{F9DDB26F-697C-437E-BF84-51F9F00D7AAB}.Debug|Any CPU.ActiveCfg = Debug|Any CPU
		{F9DDB26F-697C-437E-BF84-51F9F00D7AAB}.Debug|Any CPU.Build.0 = Debug|Any CPU
		{F9DDB26F-697C-437E-BF84-51F9F00D7AAB}.Release|Any CPU.ActiveCfg = Release|Any CPU
		{F9DDB26F-697C-437E-BF84-51F9F00D7AAB}.Release|Any CPU.Build.0 = Release|Any CPU
		{C373B792-0B15-4784-9A18-0C59957BF260}.Debug|Any CPU.ActiveCfg = Debug|Any CPU
		{C373B792-0B15-4784-9A18-0C59957BF260}.Debug|Any CPU.Build.0 = Debug|Any CPU
		{C373B792-0B15-4784-9A18-0C59957BF260}.Release|Any CPU.ActiveCfg = Release|Any CPU
		{C373B792-0B15-4784-9A18-0C59957BF260}.Release|Any CPU.Build.0 = Release|Any CPU
		{04033D26-5E5D-412C-9328-AFE8141188C6}.Debug|Any CPU.ActiveCfg = Debug|Any CPU
		{04033D26-5E5D-412C-9328-AFE8141188C6}.Debug|Any CPU.Build.0 = Debug|Any CPU
		{04033D26-5E5D-412C-9328-AFE8141188C6}.Release|Any CPU.ActiveCfg = Release|Any CPU
		{04033D26-5E5D-412C-9328-AFE8141188C6}.Release|Any CPU.Build.0 = Release|Any CPU
		{16F8407F-6EB0-4161-8EDA-23BDB946E04A}.Debug|Any CPU.ActiveCfg = Debug|Any CPU
		{16F8407F-6EB0-4161-8EDA-23BDB946E04A}.Debug|Any CPU.Build.0 = Debug|Any CPU
		{16F8407F-6EB0-4161-8EDA-23BDB946E04A}.Release|Any CPU.ActiveCfg = Release|Any CPU
		{16F8407F-6EB0-4161-8EDA-23BDB946E04A}.Release|Any CPU.Build.0 = Release|Any CPU
		{D3A51AE0-959D-4192-9A57-260AF1BEBC4E}.Debug|Any CPU.ActiveCfg = Debug|Any CPU
		{D3A51AE0-959D-4192-9A57-260AF1BEBC4E}.Debug|Any CPU.Build.0 = Debug|Any CPU
		{D3A51AE0-959D-4192-9A57-260AF1BEBC4E}.Release|Any CPU.ActiveCfg = Release|Any CPU
		{D3A51AE0-959D-4192-9A57-260AF1BEBC4E}.Release|Any CPU.Build.0 = Release|Any CPU
		{2CB4D193-0A77-41DF-92C8-1720B423B822}.Debug|Any CPU.ActiveCfg = Debug|Any CPU
		{2CB4D193-0A77-41DF-92C8-1720B423B822}.Debug|Any CPU.Build.0 = Debug|Any CPU
		{2CB4D193-0A77-41DF-92C8-1720B423B822}.Release|Any CPU.ActiveCfg = Release|Any CPU
		{2CB4D193-0A77-41DF-92C8-1720B423B822}.Release|Any CPU.Build.0 = Release|Any CPU
		{06ADC49F-5972-4388-9146-0EC3F0F6D499}.Debug|Any CPU.ActiveCfg = Debug|Any CPU
		{06ADC49F-5972-4388-9146-0EC3F0F6D499}.Debug|Any CPU.Build.0 = Debug|Any CPU
		{06ADC49F-5972-4388-9146-0EC3F0F6D499}.Release|Any CPU.ActiveCfg = Release|Any CPU
		{06ADC49F-5972-4388-9146-0EC3F0F6D499}.Release|Any CPU.Build.0 = Release|Any CPU
		{0FE06027-1D6A-402B-B23B-7AA32A509F3C}.Debug|Any CPU.ActiveCfg = Debug|Any CPU
		{0FE06027-1D6A-402B-B23B-7AA32A509F3C}.Debug|Any CPU.Build.0 = Debug|Any CPU
		{0FE06027-1D6A-402B-B23B-7AA32A509F3C}.Release|Any CPU.ActiveCfg = Release|Any CPU
		{0FE06027-1D6A-402B-B23B-7AA32A509F3C}.Release|Any CPU.Build.0 = Release|Any CPU
		{D3F294F9-A4E6-46BC-A826-DB8424B73B5F}.Debug|Any CPU.ActiveCfg = Debug|Any CPU
		{D3F294F9-A4E6-46BC-A826-DB8424B73B5F}.Debug|Any CPU.Build.0 = Debug|Any CPU
		{D3F294F9-A4E6-46BC-A826-DB8424B73B5F}.Release|Any CPU.ActiveCfg = Release|Any CPU
		{D3F294F9-A4E6-46BC-A826-DB8424B73B5F}.Release|Any CPU.Build.0 = Release|Any CPU
		{5072D364-CE20-4C9F-8DFF-10DE6471C11E}.Debug|Any CPU.ActiveCfg = Debug|Any CPU
		{5072D364-CE20-4C9F-8DFF-10DE6471C11E}.Debug|Any CPU.Build.0 = Debug|Any CPU
		{5072D364-CE20-4C9F-8DFF-10DE6471C11E}.Release|Any CPU.ActiveCfg = Release|Any CPU
		{5072D364-CE20-4C9F-8DFF-10DE6471C11E}.Release|Any CPU.Build.0 = Release|Any CPU
		{4F0A2D4E-2D73-4B0A-A8A3-3BA729EA5885}.Debug|Any CPU.ActiveCfg = Debug|Any CPU
		{4F0A2D4E-2D73-4B0A-A8A3-3BA729EA5885}.Debug|Any CPU.Build.0 = Debug|Any CPU
		{4F0A2D4E-2D73-4B0A-A8A3-3BA729EA5885}.Release|Any CPU.ActiveCfg = Release|Any CPU
		{4F0A2D4E-2D73-4B0A-A8A3-3BA729EA5885}.Release|Any CPU.Build.0 = Release|Any CPU
		{6E503AEA-0CE2-452B-87FE-496335968D0F}.Debug|Any CPU.ActiveCfg = Debug|Any CPU
		{6E503AEA-0CE2-452B-87FE-496335968D0F}.Debug|Any CPU.Build.0 = Debug|Any CPU
		{6E503AEA-0CE2-452B-87FE-496335968D0F}.Release|Any CPU.ActiveCfg = Release|Any CPU
		{6E503AEA-0CE2-452B-87FE-496335968D0F}.Release|Any CPU.Build.0 = Release|Any CPU
		{FF305145-FD73-4A71-967A-B8B6FF52125A}.Debug|Any CPU.ActiveCfg = Debug|Any CPU
		{FF305145-FD73-4A71-967A-B8B6FF52125A}.Debug|Any CPU.Build.0 = Debug|Any CPU
		{FF305145-FD73-4A71-967A-B8B6FF52125A}.Release|Any CPU.ActiveCfg = Release|Any CPU
		{FF305145-FD73-4A71-967A-B8B6FF52125A}.Release|Any CPU.Build.0 = Release|Any CPU
		{1A9017C2-C6A6-48AC-AF0A-59DB5DAFD61E}.Debug|Any CPU.ActiveCfg = Debug|Any CPU
		{1A9017C2-C6A6-48AC-AF0A-59DB5DAFD61E}.Debug|Any CPU.Build.0 = Debug|Any CPU
		{1A9017C2-C6A6-48AC-AF0A-59DB5DAFD61E}.Release|Any CPU.ActiveCfg = Release|Any CPU
		{1A9017C2-C6A6-48AC-AF0A-59DB5DAFD61E}.Release|Any CPU.Build.0 = Release|Any CPU
		{B3DB55B0-5466-4EAA-861A-08583B1E8A04}.Debug|Any CPU.ActiveCfg = Debug|Any CPU
		{B3DB55B0-5466-4EAA-861A-08583B1E8A04}.Debug|Any CPU.Build.0 = Debug|Any CPU
		{B3DB55B0-5466-4EAA-861A-08583B1E8A04}.Release|Any CPU.ActiveCfg = Release|Any CPU
		{B3DB55B0-5466-4EAA-861A-08583B1E8A04}.Release|Any CPU.Build.0 = Release|Any CPU
		{65E17230-8EFA-453D-A980-D1D6F4096839}.Debug|Any CPU.ActiveCfg = Debug|Any CPU
		{65E17230-8EFA-453D-A980-D1D6F4096839}.Debug|Any CPU.Build.0 = Debug|Any CPU
		{65E17230-8EFA-453D-A980-D1D6F4096839}.Release|Any CPU.ActiveCfg = Release|Any CPU
		{65E17230-8EFA-453D-A980-D1D6F4096839}.Release|Any CPU.Build.0 = Release|Any CPU
		{0059972F-360C-463C-94D3-CDBD61A37DBC}.Debug|Any CPU.ActiveCfg = Debug|Any CPU
		{0059972F-360C-463C-94D3-CDBD61A37DBC}.Debug|Any CPU.Build.0 = Debug|Any CPU
		{0059972F-360C-463C-94D3-CDBD61A37DBC}.Release|Any CPU.ActiveCfg = Release|Any CPU
		{0059972F-360C-463C-94D3-CDBD61A37DBC}.Release|Any CPU.Build.0 = Release|Any CPU
		{DD117B45-95F8-4C50-A1C5-8CBE3BDEF689}.Debug|Any CPU.ActiveCfg = Debug|Any CPU
		{DD117B45-95F8-4C50-A1C5-8CBE3BDEF689}.Debug|Any CPU.Build.0 = Debug|Any CPU
		{DD117B45-95F8-4C50-A1C5-8CBE3BDEF689}.Release|Any CPU.ActiveCfg = Release|Any CPU
		{DD117B45-95F8-4C50-A1C5-8CBE3BDEF689}.Release|Any CPU.Build.0 = Release|Any CPU
		{0F34CCD5-7CEC-4FA2-AB3E-CEE4D7C17942}.Debug|Any CPU.ActiveCfg = Debug|Any CPU
		{0F34CCD5-7CEC-4FA2-AB3E-CEE4D7C17942}.Debug|Any CPU.Build.0 = Debug|Any CPU
		{0F34CCD5-7CEC-4FA2-AB3E-CEE4D7C17942}.Release|Any CPU.ActiveCfg = Release|Any CPU
		{0F34CCD5-7CEC-4FA2-AB3E-CEE4D7C17942}.Release|Any CPU.Build.0 = Release|Any CPU
		{63DA896D-9D4B-4B9F-88B3-9415BDD23249}.Debug|Any CPU.ActiveCfg = Debug|Any CPU
		{63DA896D-9D4B-4B9F-88B3-9415BDD23249}.Debug|Any CPU.Build.0 = Debug|Any CPU
		{63DA896D-9D4B-4B9F-88B3-9415BDD23249}.Release|Any CPU.ActiveCfg = Release|Any CPU
		{63DA896D-9D4B-4B9F-88B3-9415BDD23249}.Release|Any CPU.Build.0 = Release|Any CPU
	EndGlobalSection
	GlobalSection(SolutionProperties) = preSolution
		HideSolutionNode = FALSE
	EndGlobalSection
	GlobalSection(NestedProjects) = preSolution
		{E5C57FCC-7362-41CC-B57C-63F8FB51B16B} = {705430C7-90BA-4E72-9E21-9E1E81DD862C}
		{9FE58E93-1CC7-4E98-80D5-F96EA4944871} = {705430C7-90BA-4E72-9E21-9E1E81DD862C}
		{E9E273CE-3850-42DB-BEC6-ECE410A55638} = {705430C7-90BA-4E72-9E21-9E1E81DD862C}
		{CEDAFE71-569A-4E19-A1AA-376BD88199FC} = {705430C7-90BA-4E72-9E21-9E1E81DD862C}
		{04033D26-5E5D-412C-9328-AFE8141188C6} = {705430C7-90BA-4E72-9E21-9E1E81DD862C}
		{30FC3ABA-ADE1-42F3-AF27-618978F7A555} = {C3355B1F-2B6A-4A28-AD96-3D1DA3251792}
		{F9DDB26F-697C-437E-BF84-51F9F00D7AAB} = {C3355B1F-2B6A-4A28-AD96-3D1DA3251792}
		{C373B792-0B15-4784-9A18-0C59957BF260} = {C3355B1F-2B6A-4A28-AD96-3D1DA3251792}
		{D3A51AE0-959D-4192-9A57-260AF1BEBC4E} = {B8225A7D-A303-4DC6-8834-2A5EE72A6252}
		{2CB4D193-0A77-41DF-92C8-1720B423B822} = {B8225A7D-A303-4DC6-8834-2A5EE72A6252}
		{06ADC49F-5972-4388-9146-0EC3F0F6D499} = {B8225A7D-A303-4DC6-8834-2A5EE72A6252}
		{0FE06027-1D6A-402B-B23B-7AA32A509F3C} = {B8225A7D-A303-4DC6-8834-2A5EE72A6252}
		{D3F294F9-A4E6-46BC-A826-DB8424B73B5F} = {B8225A7D-A303-4DC6-8834-2A5EE72A6252}
		{5072D364-CE20-4C9F-8DFF-10DE6471C11E} = {B8225A7D-A303-4DC6-8834-2A5EE72A6252}
		{0059972F-360C-463C-94D3-CDBD61A37DBC} = {B8225A7D-A303-4DC6-8834-2A5EE72A6252}
		{4F0A2D4E-2D73-4B0A-A8A3-3BA729EA5885} = {96046949-FAE3-4338-995A-8F523EB4AD9C}
		{6E503AEA-0CE2-452B-87FE-496335968D0F} = {96046949-FAE3-4338-995A-8F523EB4AD9C}
		{FF305145-FD73-4A71-967A-B8B6FF52125A} = {96046949-FAE3-4338-995A-8F523EB4AD9C}
		{1A9017C2-C6A6-48AC-AF0A-59DB5DAFD61E} = {96046949-FAE3-4338-995A-8F523EB4AD9C}
		{B3DB55B0-5466-4EAA-861A-08583B1E8A04} = {96046949-FAE3-4338-995A-8F523EB4AD9C}
		{65E17230-8EFA-453D-A980-D1D6F4096839} = {96046949-FAE3-4338-995A-8F523EB4AD9C}
		{DD117B45-95F8-4C50-A1C5-8CBE3BDEF689} = {32B4906F-E9EC-45D6-828F-6FA3C046893D}
		{0F34CCD5-7CEC-4FA2-AB3E-CEE4D7C17942} = {32B4906F-E9EC-45D6-828F-6FA3C046893D}
		{63DA896D-9D4B-4B9F-88B3-9415BDD23249} = {32B4906F-E9EC-45D6-828F-6FA3C046893D}
	EndGlobalSection
EndGlobal
